
Microsoft Visual Studio Solution File, Format Version 12.00
# Visual Studio Version 17
VisualStudioVersion = 17.3.32929.385
MinimumVisualStudioVersion = 10.0.40219.1
Project("{2150E333-8FDC-42A3-9474-1A3956D46DE8}") = "FrontEnd", "FrontEnd", "{7BAA58B1-9334-4D0C-843E-F55F244CD6CC}"
EndProject
Project("{2150E333-8FDC-42A3-9474-1A3956D46DE8}") = "Services", "Services", "{858AD510-5D16-47E7-9DB2-BAF33B83D2EF}"
EndProject
Project("{FAE04EC0-301F-11D3-BF4B-00C04F79EFBC}") = "GeekShopping.Web", "GeekShopping.Web\GeekShopping.Web.csproj", "{4FE09112-E9D1-4BAA-937E-5EFA6C698E4F}"
EndProject
Project("{FAE04EC0-301F-11D3-BF4B-00C04F79EFBC}") = "GeekShopping.ProductAPI", "GeekShopping.ProductAPI\GeekShopping.ProductAPI.csproj", "{69F77FD3-A3BD-4F73-B16B-CF3136BBD00F}"
EndProject
Global
	GlobalSection(SolutionConfigurationPlatforms) = preSolution
		Debug|Any CPU = Debug|Any CPU
		Release|Any CPU = Release|Any CPU
	EndGlobalSection
	GlobalSection(ProjectConfigurationPlatforms) = postSolution
		{4FE09112-E9D1-4BAA-937E-5EFA6C698E4F}.Debug|Any CPU.ActiveCfg = Debug|Any CPU
		{4FE09112-E9D1-4BAA-937E-5EFA6C698E4F}.Debug|Any CPU.Build.0 = Debug|Any CPU
		{4FE09112-E9D1-4BAA-937E-5EFA6C698E4F}.Release|Any CPU.ActiveCfg = Release|Any CPU
		{4FE09112-E9D1-4BAA-937E-5EFA6C698E4F}.Release|Any CPU.Build.0 = Release|Any CPU
		{69F77FD3-A3BD-4F73-B16B-CF3136BBD00F}.Debug|Any CPU.ActiveCfg = Debug|Any CPU
		{69F77FD3-A3BD-4F73-B16B-CF3136BBD00F}.Debug|Any CPU.Build.0 = Debug|Any CPU
		{69F77FD3-A3BD-4F73-B16B-CF3136BBD00F}.Release|Any CPU.ActiveCfg = Release|Any CPU
		{69F77FD3-A3BD-4F73-B16B-CF3136BBD00F}.Release|Any CPU.Build.0 = Release|Any CPU
	EndGlobalSection
	GlobalSection(SolutionProperties) = preSolution
		HideSolutionNode = FALSE
	EndGlobalSection
	GlobalSection(NestedProjects) = preSolution
		{4FE09112-E9D1-4BAA-937E-5EFA6C698E4F} = {7BAA58B1-9334-4D0C-843E-F55F244CD6CC}
		{69F77FD3-A3BD-4F73-B16B-CF3136BBD00F} = {858AD510-5D16-47E7-9DB2-BAF33B83D2EF}
	EndGlobalSection
	GlobalSection(ExtensibilityGlobals) = postSolution
		SolutionGuid = {14C1034B-839A-4209-B475-E18FE7395ECA}
	EndGlobalSection
EndGlobal
